
Microsoft Visual Studio Solution File, Format Version 12.00
# Visual Studio 2013
VisualStudioVersion = 12.0.31101.0
MinimumVisualStudioVersion = 10.0.40219.1
Project("{FAE04EC0-301F-11D3-BF4B-00C04F79EFBC}") = "WordCount", "WordCount\WordCount.csproj", "{A008DC37-5DF8-4863-A17D-68E7363FCE5E}"
EndProject
Project("{FAE04EC0-301F-11D3-BF4B-00C04F79EFBC}") = "Data", "Data\Data.csproj", "{7EB75D8A-C57B-4EF7-971B-0EE3A3F60597}"
EndProject
Project("{FAE04EC0-301F-11D3-BF4B-00C04F79EFBC}") = "CreateDataset", "CreateDataset\CreateDataset.csproj", "{3C97216F-39A6-427E-B6C7-76F1904FE9F1}"
EndProject
Global
	GlobalSection(SolutionConfigurationPlatforms) = preSolution
		Debug|Any CPU = Debug|Any CPU
		Release|Any CPU = Release|Any CPU
	EndGlobalSection
	GlobalSection(ProjectConfigurationPlatforms) = postSolution
		{A008DC37-5DF8-4863-A17D-68E7363FCE5E}.Debug|Any CPU.ActiveCfg = Debug|Any CPU
		{A008DC37-5DF8-4863-A17D-68E7363FCE5E}.Debug|Any CPU.Build.0 = Debug|Any CPU
		{A008DC37-5DF8-4863-A17D-68E7363FCE5E}.Release|Any CPU.ActiveCfg = Release|Any CPU
		{A008DC37-5DF8-4863-A17D-68E7363FCE5E}.Release|Any CPU.Build.0 = Release|Any CPU
		{7EB75D8A-C57B-4EF7-971B-0EE3A3F60597}.Debug|Any CPU.ActiveCfg = Debug|Any CPU
		{7EB75D8A-C57B-4EF7-971B-0EE3A3F60597}.Debug|Any CPU.Build.0 = Debug|Any CPU
		{7EB75D8A-C57B-4EF7-971B-0EE3A3F60597}.Release|Any CPU.ActiveCfg = Release|Any CPU
		{7EB75D8A-C57B-4EF7-971B-0EE3A3F60597}.Release|Any CPU.Build.0 = Release|Any CPU
		{3C97216F-39A6-427E-B6C7-76F1904FE9F1}.Debug|Any CPU.ActiveCfg = Debug|Any CPU
		{3C97216F-39A6-427E-B6C7-76F1904FE9F1}.Debug|Any CPU.Build.0 = Debug|Any CPU
		{3C97216F-39A6-427E-B6C7-76F1904FE9F1}.Release|Any CPU.ActiveCfg = Release|Any CPU
		{3C97216F-39A6-427E-B6C7-76F1904FE9F1}.Release|Any CPU.Build.0 = Release|Any CPU
	EndGlobalSection
	GlobalSection(SolutionProperties) = preSolution
		HideSolutionNode = FALSE
	EndGlobalSection
EndGlobal
